# This file is automatically @generated by Cargo.
# It is not intended for manual editing.
version = 4

[[package]]
name = "modiq-cli"
version = "0.1.0"

[[package]]
name = "modiq-common"
version = "0.1.0"

[[package]]
name = "modiq-engine"
version = "0.1.0"

[[package]]
name = "modiq-knowledge"
version = "0.1.0"

[[package]]
name = "modiq-report"
version = "0.1.0"

[[package]]
name = "modiq-rules"
version = "0.1.0"

[[package]]
name = "modiq-runtime"
version = "0.1.0"

[[package]]
name = "modiq-versioning"
version = "0.1.0"
